{
  "name": "@pdftron/webviewer",
  "version": "10.6.0",
  "lockfileVersion": 2,
  "requires": true,
  "packages": {
    "": {
      "name": "@pdftron/webviewer",
      "version": "10.6.0",
      "dependencies": {
        "@pdftron/webviewer": "file:"
      }
    },
    "node_modules/@pdftron/webviewer": {
      "resolved": "",
      "link": true
    }
  },
  "dependencies": {
    "@pdftron/webviewer": {
      "version": "file:",
      "requires": {
        "@pdftron/webviewer": "file:"
      }
    }
  }
}
